{
    "_readme": [
        "This file locks the dependencies of your project to a known state",
        "Read more about it at https://getcomposer.org/doc/01-basic-usage.md#installing-dependencies",
        "This file is @generated automatically"
    ],
    "content-hash": "929085fc0db99a75ad858909798ef324",
    "packages": [
        {
            "name": "kaydansky/correlation-coefficient",
            "version": "v1.0",
            "source": {
                "type": "git",
                "url": "https://github.com/kaydansky/correlation-coefficient.git",
                "reference": "13968165f425cb6e2bbb931992c923d1488148c7"
            },
            "dist": {
                "type": "zip",
                "url": "https://api.github.com/repos/kaydansky/correlation-coefficient/zipball/13968165f425cb6e2bbb931992c923d1488148c7",
                "reference": "13968165f425cb6e2bbb931992c923d1488148c7",
                "shasum": ""
            },
            "require": {
                "php": ">=7.4.0"
            },
            "type": "library",
            "autoload": {
                "psr-4": {
                    "Correlation\\": "src/"
                }
            },
            "notification-url": "https://packagist.org/downloads/",
            "license": [
                "MIT"
            ],
            "authors": [
                {
                    "name": "Alexander Kaydansky",
                    "email": "kaydansky@gmail.com"
                }
            ],
            "description": "A numerical measure of some type of correlation, meaning a statistical relationship between two variables.",
            "homepage": "https://github.com/kaydansky/correlation-coefficient",
            "keywords": [
                "Pearson",
                "Spearman",
                "coefficient",
                "correlation"
            ],
            "support": {
                "issues": "https://github.com/kaydansky/correlation-coefficient/issues",
                "source": "https://github.com/kaydansky/correlation-coefficient/tree/master"
            },
            "time": "2020-01-20T18:09:42+00:00"
        }
    ],
    "packages-dev": [],
    "aliases": [],
    "minimum-stability": "stable",
    "stability-flags": {},
    "prefer-stable": false,
    "prefer-lowest": false,
    "platform": {
        "php": ">=7.4.0",
        "ext-json": "*"
    },
    "platform-dev": {},
    "plugin-api-version": "2.9.0"
}
